
Microsoft Visual Studio Solution File, Format Version 12.00
# Visual Studio Version 17
VisualStudioVersion = 17.5.33516.290
MinimumVisualStudioVersion = 10.0.40219.1
Project("{FAE04EC0-301F-11D3-BF4B-00C04F79EFBC}") = "单列模式", "单列模式\单列模式.csproj", "{9FBC09D1-0D75-4BC4-8268-BD2599535F17}"
EndProject
Project("{FAE04EC0-301F-11D3-BF4B-00C04F79EFBC}") = "XML文档", "XML文档\XML文档.csproj", "{58DA062B-EFFF-4021-A4FB-FA91E3592B26}"
EndProject
Project("{FAE04EC0-301F-11D3-BF4B-00C04F79EFBC}") = "XML属性创建", "XML属性创建\XML属性创建.csproj", "{EEDFABE3-8FF7-460A-A10C-23FAC85B8800}"
EndProject
Project("{FAE04EC0-301F-11D3-BF4B-00C04F79EFBC}") = "XML追加", "XML追加\XML追加.csproj", "{5BC1F39A-EE52-44DA-9517-323F914ABA79}"
EndProject
Project("{FAE04EC0-301F-11D3-BF4B-00C04F79EFBC}") = "XML读取", "XML读取\XML读取.csproj", "{B1D29A04-C6E0-417F-BCDD-F8382122BA67}"
EndProject
Project("{FAE04EC0-301F-11D3-BF4B-00C04F79EFBC}") = "读取带属性的XML文件", "读取带属性的XML文件\读取带属性的XML文件.csproj", "{EE0C7D96-E3D4-403D-9734-B53324FBBBC9}"
EndProject
Project("{FAE04EC0-301F-11D3-BF4B-00C04F79EFBC}") = "XML删节点", "XML删节点\XML删节点.csproj", "{D5C2323E-ACBD-4938-8D13-C750316D1A0B}"
EndProject
Project("{FAE04EC0-301F-11D3-BF4B-00C04F79EFBC}") = "委托使用", "委托使用\委托使用.csproj", "{45661D3F-65CC-4141-9C79-8CD8343E685C}"
EndProject
Project("{FAE04EC0-301F-11D3-BF4B-00C04F79EFBC}") = "为什么要用委托", "为什么要用委托\为什么要用委托.csproj", "{B0C8C340-496A-492D-AB39-D478EC7576B4}"
EndProject
Project("{FAE04EC0-301F-11D3-BF4B-00C04F79EFBC}") = "匿名函数", "匿名函数\匿名函数.csproj", "{06FEB12A-2B06-414A-87A2-66273856CFB0}"
EndProject
Project("{FAE04EC0-301F-11D3-BF4B-00C04F79EFBC}") = "泛型委托", "泛型委托\泛型委托.csproj", "{5119D322-2812-4DB8-AE3F-06CA4222E081}"
EndProject
Project("{FAE04EC0-301F-11D3-BF4B-00C04F79EFBC}") = "lamda表达式", "lamda表达式\lamda表达式.csproj", "{612A8AE1-107D-46B9-9F7B-EADEA8DAA1CF}"
EndProject
Project("{FAE04EC0-301F-11D3-BF4B-00C04F79EFBC}") = "使用委托来进行窗体传值", "使用委托来进行窗体传值\使用委托来进行窗体传值.csproj", "{63E34D9C-4246-4B2D-9494-1930C3CDE576}"
EndProject
Project("{FAE04EC0-301F-11D3-BF4B-00C04F79EFBC}") = "窗体传值", "窗体传值\窗体传值.csproj", "{946E2D96-16EB-4669-AE53-0EB57A087A01}"
EndProject
Project("{FAE04EC0-301F-11D3-BF4B-00C04F79EFBC}") = "多播委托", "多播委托\多播委托.csproj", "{C3BEFEEB-953F-46B1-B548-E1C4849F9BF8}"
EndProject
Global
	GlobalSection(SolutionConfigurationPlatforms) = preSolution
		Debug|Any CPU = Debug|Any CPU
		Release|Any CPU = Release|Any CPU
	EndGlobalSection
	GlobalSection(ProjectConfigurationPlatforms) = postSolution
		{9FBC09D1-0D75-4BC4-8268-BD2599535F17}.Debug|Any CPU.ActiveCfg = Debug|Any CPU
		{9FBC09D1-0D75-4BC4-8268-BD2599535F17}.Debug|Any CPU.Build.0 = Debug|Any CPU
		{9FBC09D1-0D75-4BC4-8268-BD2599535F17}.Release|Any CPU.ActiveCfg = Release|Any CPU
		{9FBC09D1-0D75-4BC4-8268-BD2599535F17}.Release|Any CPU.Build.0 = Release|Any CPU
		{58DA062B-EFFF-4021-A4FB-FA91E3592B26}.Debug|Any CPU.ActiveCfg = Debug|Any CPU
		{58DA062B-EFFF-4021-A4FB-FA91E3592B26}.Debug|Any CPU.Build.0 = Debug|Any CPU
		{58DA062B-EFFF-4021-A4FB-FA91E3592B26}.Release|Any CPU.ActiveCfg = Release|Any CPU
		{58DA062B-EFFF-4021-A4FB-FA91E3592B26}.Release|Any CPU.Build.0 = Release|Any CPU
		{EEDFABE3-8FF7-460A-A10C-23FAC85B8800}.Debug|Any CPU.ActiveCfg = Debug|Any CPU
		{EEDFABE3-8FF7-460A-A10C-23FAC85B8800}.Debug|Any CPU.Build.0 = Debug|Any CPU
		{EEDFABE3-8FF7-460A-A10C-23FAC85B8800}.Release|Any CPU.ActiveCfg = Release|Any CPU
		{EEDFABE3-8FF7-460A-A10C-23FAC85B8800}.Release|Any CPU.Build.0 = Release|Any CPU
		{5BC1F39A-EE52-44DA-9517-323F914ABA79}.Debug|Any CPU.ActiveCfg = Debug|Any CPU
		{5BC1F39A-EE52-44DA-9517-323F914ABA79}.Debug|Any CPU.Build.0 = Debug|Any CPU
		{5BC1F39A-EE52-44DA-9517-323F914ABA79}.Release|Any CPU.ActiveCfg = Release|Any CPU
		{5BC1F39A-EE52-44DA-9517-323F914ABA79}.Release|Any CPU.Build.0 = Release|Any CPU
		{B1D29A04-C6E0-417F-BCDD-F8382122BA67}.Debug|Any CPU.ActiveCfg = Debug|Any CPU
		{B1D29A04-C6E0-417F-BCDD-F8382122BA67}.Debug|Any CPU.Build.0 = Debug|Any CPU
		{B1D29A04-C6E0-417F-BCDD-F8382122BA67}.Release|Any CPU.ActiveCfg = Release|Any CPU
		{B1D29A04-C6E0-417F-BCDD-F8382122BA67}.Release|Any CPU.Build.0 = Release|Any CPU
		{EE0C7D96-E3D4-403D-9734-B53324FBBBC9}.Debug|Any CPU.ActiveCfg = Debug|Any CPU
		{EE0C7D96-E3D4-403D-9734-B53324FBBBC9}.Debug|Any CPU.Build.0 = Debug|Any CPU
		{EE0C7D96-E3D4-403D-9734-B53324FBBBC9}.Release|Any CPU.ActiveCfg = Release|Any CPU
		{EE0C7D96-E3D4-403D-9734-B53324FBBBC9}.Release|Any CPU.Build.0 = Release|Any CPU
		{D5C2323E-ACBD-4938-8D13-C750316D1A0B}.Debug|Any CPU.ActiveCfg = Debug|Any CPU
		{D5C2323E-ACBD-4938-8D13-C750316D1A0B}.Debug|Any CPU.Build.0 = Debug|Any CPU
		{D5C2323E-ACBD-4938-8D13-C750316D1A0B}.Release|Any CPU.ActiveCfg = Release|Any CPU
		{D5C2323E-ACBD-4938-8D13-C750316D1A0B}.Release|Any CPU.Build.0 = Release|Any CPU
		{45661D3F-65CC-4141-9C79-8CD8343E685C}.Debug|Any CPU.ActiveCfg = Debug|Any CPU
		{45661D3F-65CC-4141-9C79-8CD8343E685C}.Debug|Any CPU.Build.0 = Debug|Any CPU
		{45661D3F-65CC-4141-9C79-8CD8343E685C}.Release|Any CPU.ActiveCfg = Release|Any CPU
		{45661D3F-65CC-4141-9C79-8CD8343E685C}.Release|Any CPU.Build.0 = Release|Any CPU
		{B0C8C340-496A-492D-AB39-D478EC7576B4}.Debug|Any CPU.ActiveCfg = Debug|Any CPU
		{B0C8C340-496A-492D-AB39-D478EC7576B4}.Debug|Any CPU.Build.0 = Debug|Any CPU
		{B0C8C340-496A-492D-AB39-D478EC7576B4}.Release|Any CPU.ActiveCfg = Release|Any CPU
		{B0C8C340-496A-492D-AB39-D478EC7576B4}.Release|Any CPU.Build.0 = Release|Any CPU
		{06FEB12A-2B06-414A-87A2-66273856CFB0}.Debug|Any CPU.ActiveCfg = Debug|Any CPU
		{06FEB12A-2B06-414A-87A2-66273856CFB0}.Debug|Any CPU.Build.0 = Debug|Any CPU
		{06FEB12A-2B06-414A-87A2-66273856CFB0}.Release|Any CPU.ActiveCfg = Release|Any CPU
		{06FEB12A-2B06-414A-87A2-66273856CFB0}.Release|Any CPU.Build.0 = Release|Any CPU
		{5119D322-2812-4DB8-AE3F-06CA4222E081}.Debug|Any CPU.ActiveCfg = Debug|Any CPU
		{5119D322-2812-4DB8-AE3F-06CA4222E081}.Debug|Any CPU.Build.0 = Debug|Any CPU
		{5119D322-2812-4DB8-AE3F-06CA4222E081}.Release|Any CPU.ActiveCfg = Release|Any CPU
		{5119D322-2812-4DB8-AE3F-06CA4222E081}.Release|Any CPU.Build.0 = Release|Any CPU
		{612A8AE1-107D-46B9-9F7B-EADEA8DAA1CF}.Debug|Any CPU.ActiveCfg = Debug|Any CPU
		{612A8AE1-107D-46B9-9F7B-EADEA8DAA1CF}.Debug|Any CPU.Build.0 = Debug|Any CPU
		{612A8AE1-107D-46B9-9F7B-EADEA8DAA1CF}.Release|Any CPU.ActiveCfg = Release|Any CPU
		{612A8AE1-107D-46B9-9F7B-EADEA8DAA1CF}.Release|Any CPU.Build.0 = Release|Any CPU
		{63E34D9C-4246-4B2D-9494-1930C3CDE576}.Debug|Any CPU.ActiveCfg = Debug|Any CPU
		{63E34D9C-4246-4B2D-9494-1930C3CDE576}.Debug|Any CPU.Build.0 = Debug|Any CPU
		{63E34D9C-4246-4B2D-9494-1930C3CDE576}.Release|Any CPU.ActiveCfg = Release|Any CPU
		{63E34D9C-4246-4B2D-9494-1930C3CDE576}.Release|Any CPU.Build.0 = Release|Any CPU
		{946E2D96-16EB-4669-AE53-0EB57A087A01}.Debug|Any CPU.ActiveCfg = Debug|Any CPU
		{946E2D96-16EB-4669-AE53-0EB57A087A01}.Debug|Any CPU.Build.0 = Debug|Any CPU
		{946E2D96-16EB-4669-AE53-0EB57A087A01}.Release|Any CPU.ActiveCfg = Release|Any CPU
		{946E2D96-16EB-4669-AE53-0EB57A087A01}.Release|Any CPU.Build.0 = Release|Any CPU
		{C3BEFEEB-953F-46B1-B548-E1C4849F9BF8}.Debug|Any CPU.ActiveCfg = Debug|Any CPU
		{C3BEFEEB-953F-46B1-B548-E1C4849F9BF8}.Debug|Any CPU.Build.0 = Debug|Any CPU
		{C3BEFEEB-953F-46B1-B548-E1C4849F9BF8}.Release|Any CPU.ActiveCfg = Release|Any CPU
		{C3BEFEEB-953F-46B1-B548-E1C4849F9BF8}.Release|Any CPU.Build.0 = Release|Any CPU
	EndGlobalSection
	GlobalSection(SolutionProperties) = preSolution
		HideSolutionNode = FALSE
	EndGlobalSection
	GlobalSection(ExtensibilityGlobals) = postSolution
		SolutionGuid = {12D8F1FD-2293-4C2E-AE4D-794E2E6FAD21}
	EndGlobalSection
EndGlobal
