
Microsoft Visual Studio Solution File, Format Version 12.00
# Visual Studio Version 17
VisualStudioVersion = 17.6.33723.286
MinimumVisualStudioVersion = 10.0.40219.1
Project("{FAE04EC0-301F-11D3-BF4B-00C04F79EFBC}") = "Wen.DelegateTeachDemo", "Wen.DelegateTeachDemo\Wen.DelegateTeachDemo.csproj", "{5682B80F-3CE2-4F20-9447-7D2FCA5919BC}"
EndProject
Project("{FAE04EC0-301F-11D3-BF4B-00C04F79EFBC}") = "Wen.Commit", "Wen.Commit\Wen.Commit.csproj", "{60922DB4-1F6B-4862-A460-8566661F7B67}"
EndProject
Project("{2150E333-8FDC-42A3-9474-1A3956D46DE8}") = "1、委托五步法", "1、委托五步法", "{A381682C-D052-49CF-A536-39E1CB734B25}"
EndProject
Project("{2150E333-8FDC-42A3-9474-1A3956D46DE8}") = "2、实现窗体数据逆向传值", "2、实现窗体数据逆向传值", "{81CFEC01-639F-41D8-83F2-0225696A166D}"
EndProject
Project("{2150E333-8FDC-42A3-9474-1A3956D46DE8}") = "3、委托实现消息广播", "3、委托实现消息广播", "{47723EBA-F86D-47C0-B1EA-29C058623996}"
EndProject
Project("{FAE04EC0-301F-11D3-BF4B-00C04F79EFBC}") = "Wen.DelegateApp2", "FrmMain\Wen.DelegateApp2.csproj", "{6DDD3E02-BBA4-4A7B-81D3-B91E696C63E3}"
EndProject
Project("{2150E333-8FDC-42A3-9474-1A3956D46DE8}") = "4、事件", "4、事件", "{AA3FCF64-C08D-4C44-87C1-AB1BA268705A}"
EndProject
Project("{FAE04EC0-301F-11D3-BF4B-00C04F79EFBC}") = "Wen.EventDemo", "Wen.EventDemo\Wen.EventDemo.csproj", "{291E5F6A-5A2E-4DB3-B158-CBA03A4719EB}"
EndProject
Project("{2150E333-8FDC-42A3-9474-1A3956D46DE8}") = "5、匿名方法，Lambda表达式", "5、匿名方法，Lambda表达式", "{14E2033E-E6A5-4CAB-B8C0-5C74928E4B6C}"
EndProject
Project("{FAE04EC0-301F-11D3-BF4B-00C04F79EFBC}") = "DelegateLambda", "DelegateLambda\DelegateLambda.csproj", "{23DFBE3B-F42A-4747-88FC-539E36CBDBE0}"
EndProject
Project("{2150E333-8FDC-42A3-9474-1A3956D46DE8}") = "7、系统自带委托", "7、系统自带委托", "{8DB9557C-85AB-427C-834E-E06321D57270}"
EndProject
Project("{FAE04EC0-301F-11D3-BF4B-00C04F79EFBC}") = "Wen.ActionDelegate", "Wen.ActionDelegate\Wen.ActionDelegate.csproj", "{F9205053-20BB-458B-8378-34E77DE41DFB}"
EndProject
Project("{2150E333-8FDC-42A3-9474-1A3956D46DE8}") = "6、多线程", "6、多线程", "{769B443A-5C95-44F4-BD3E-C59E2AB5ECF3}"
EndProject
Project("{FAE04EC0-301F-11D3-BF4B-00C04F79EFBC}") = "Wen.ThreadDemo", "Wen.ThreadDemo\Wen.ThreadDemo.csproj", "{72D0CDC5-B5AA-48E7-A137-268C2550248D}"
EndProject
Project("{FAE04EC0-301F-11D3-BF4B-00C04F79EFBC}") = "Wen.TaskDemo", "Wen.TaskDemo\Wen.TaskDemo.csproj", "{3403F1EE-A0BA-4386-A706-7C44E88D769E}"
EndProject
Project("{2150E333-8FDC-42A3-9474-1A3956D46DE8}") = "8、Task启动，暂停，停止，继续", "8、Task启动，暂停，停止，继续", "{270CEA8E-A5FB-41C4-955E-198F4D864427}"
EndProject
Project("{FAE04EC0-301F-11D3-BF4B-00C04F79EFBC}") = "Wen.TaskAdanceDemo", "Wen.TaskAdanceDemo\Wen.TaskAdanceDemo.csproj", "{9F4DD10B-1B80-4C17-A5C4-25A0E59E6A1B}"
EndProject
Project("{2150E333-8FDC-42A3-9474-1A3956D46DE8}") = "9、解决跨线程访问和耗时任务的解决", "9、解决跨线程访问和耗时任务的解决", "{8BFD476A-FB59-4D72-BC34-2F9857B3BB1A}"
EndProject
Project("{FAE04EC0-301F-11D3-BF4B-00C04F79EFBC}") = "Wen.TaskCrossVisit", "Wen.TaskCrossVisit\Wen.TaskCrossVisit.csproj", "{B97DABE4-1C7E-4565-B9E7-CA14D3DFD5EA}"
EndProject
Project("{2150E333-8FDC-42A3-9474-1A3956D46DE8}") = "10、线程锁", "10、线程锁", "{AB9CA267-161B-47FE-83CA-B4CAA55AB537}"
EndProject
Project("{FAE04EC0-301F-11D3-BF4B-00C04F79EFBC}") = "Wen.TaskLock", "Wen.TaskLock\Wen.TaskLock.csproj", "{1A2A74EE-0288-4F27-B3CF-9F2E0F7ACFEA}"
EndProject
Project("{2150E333-8FDC-42A3-9474-1A3956D46DE8}") = "12、扩展方法", "12、扩展方法", "{ECA31D7D-AE68-4EF3-AC9C-2F6BF250588E}"
EndProject
Project("{FAE04EC0-301F-11D3-BF4B-00C04F79EFBC}") = "Wen.ExtendMathod", "Wen.ExtendMathod\Wen.ExtendMathod.csproj", "{5C991131-B4C8-464C-9251-B24F7D5261A8}"
EndProject
Global
	GlobalSection(SolutionConfigurationPlatforms) = preSolution
		Debug|Any CPU = Debug|Any CPU
		Release|Any CPU = Release|Any CPU
	EndGlobalSection
	GlobalSection(ProjectConfigurationPlatforms) = postSolution
		{5682B80F-3CE2-4F20-9447-7D2FCA5919BC}.Debug|Any CPU.ActiveCfg = Debug|Any CPU
		{5682B80F-3CE2-4F20-9447-7D2FCA5919BC}.Debug|Any CPU.Build.0 = Debug|Any CPU
		{5682B80F-3CE2-4F20-9447-7D2FCA5919BC}.Release|Any CPU.ActiveCfg = Release|Any CPU
		{5682B80F-3CE2-4F20-9447-7D2FCA5919BC}.Release|Any CPU.Build.0 = Release|Any CPU
		{60922DB4-1F6B-4862-A460-8566661F7B67}.Debug|Any CPU.ActiveCfg = Debug|Any CPU
		{60922DB4-1F6B-4862-A460-8566661F7B67}.Debug|Any CPU.Build.0 = Debug|Any CPU
		{60922DB4-1F6B-4862-A460-8566661F7B67}.Release|Any CPU.ActiveCfg = Release|Any CPU
		{60922DB4-1F6B-4862-A460-8566661F7B67}.Release|Any CPU.Build.0 = Release|Any CPU
		{6DDD3E02-BBA4-4A7B-81D3-B91E696C63E3}.Debug|Any CPU.ActiveCfg = Debug|Any CPU
		{6DDD3E02-BBA4-4A7B-81D3-B91E696C63E3}.Debug|Any CPU.Build.0 = Debug|Any CPU
		{6DDD3E02-BBA4-4A7B-81D3-B91E696C63E3}.Release|Any CPU.ActiveCfg = Release|Any CPU
		{6DDD3E02-BBA4-4A7B-81D3-B91E696C63E3}.Release|Any CPU.Build.0 = Release|Any CPU
		{291E5F6A-5A2E-4DB3-B158-CBA03A4719EB}.Debug|Any CPU.ActiveCfg = Debug|Any CPU
		{291E5F6A-5A2E-4DB3-B158-CBA03A4719EB}.Debug|Any CPU.Build.0 = Debug|Any CPU
		{291E5F6A-5A2E-4DB3-B158-CBA03A4719EB}.Release|Any CPU.ActiveCfg = Release|Any CPU
		{291E5F6A-5A2E-4DB3-B158-CBA03A4719EB}.Release|Any CPU.Build.0 = Release|Any CPU
		{23DFBE3B-F42A-4747-88FC-539E36CBDBE0}.Debug|Any CPU.ActiveCfg = Debug|Any CPU
		{23DFBE3B-F42A-4747-88FC-539E36CBDBE0}.Debug|Any CPU.Build.0 = Debug|Any CPU
		{23DFBE3B-F42A-4747-88FC-539E36CBDBE0}.Release|Any CPU.ActiveCfg = Release|Any CPU
		{23DFBE3B-F42A-4747-88FC-539E36CBDBE0}.Release|Any CPU.Build.0 = Release|Any CPU
		{F9205053-20BB-458B-8378-34E77DE41DFB}.Debug|Any CPU.ActiveCfg = Debug|Any CPU
		{F9205053-20BB-458B-8378-34E77DE41DFB}.Debug|Any CPU.Build.0 = Debug|Any CPU
		{F9205053-20BB-458B-8378-34E77DE41DFB}.Release|Any CPU.ActiveCfg = Release|Any CPU
		{F9205053-20BB-458B-8378-34E77DE41DFB}.Release|Any CPU.Build.0 = Release|Any CPU
		{72D0CDC5-B5AA-48E7-A137-268C2550248D}.Debug|Any CPU.ActiveCfg = Debug|Any CPU
		{72D0CDC5-B5AA-48E7-A137-268C2550248D}.Debug|Any CPU.Build.0 = Debug|Any CPU
		{72D0CDC5-B5AA-48E7-A137-268C2550248D}.Release|Any CPU.ActiveCfg = Release|Any CPU
		{72D0CDC5-B5AA-48E7-A137-268C2550248D}.Release|Any CPU.Build.0 = Release|Any CPU
		{3403F1EE-A0BA-4386-A706-7C44E88D769E}.Debug|Any CPU.ActiveCfg = Debug|Any CPU
		{3403F1EE-A0BA-4386-A706-7C44E88D769E}.Debug|Any CPU.Build.0 = Debug|Any CPU
		{3403F1EE-A0BA-4386-A706-7C44E88D769E}.Release|Any CPU.ActiveCfg = Release|Any CPU
		{3403F1EE-A0BA-4386-A706-7C44E88D769E}.Release|Any CPU.Build.0 = Release|Any CPU
		{9F4DD10B-1B80-4C17-A5C4-25A0E59E6A1B}.Debug|Any CPU.ActiveCfg = Debug|Any CPU
		{9F4DD10B-1B80-4C17-A5C4-25A0E59E6A1B}.Debug|Any CPU.Build.0 = Debug|Any CPU
		{9F4DD10B-1B80-4C17-A5C4-25A0E59E6A1B}.Release|Any CPU.ActiveCfg = Release|Any CPU
		{9F4DD10B-1B80-4C17-A5C4-25A0E59E6A1B}.Release|Any CPU.Build.0 = Release|Any CPU
		{B97DABE4-1C7E-4565-B9E7-CA14D3DFD5EA}.Debug|Any CPU.ActiveCfg = Debug|Any CPU
		{B97DABE4-1C7E-4565-B9E7-CA14D3DFD5EA}.Debug|Any CPU.Build.0 = Debug|Any CPU
		{B97DABE4-1C7E-4565-B9E7-CA14D3DFD5EA}.Release|Any CPU.ActiveCfg = Release|Any CPU
		{B97DABE4-1C7E-4565-B9E7-CA14D3DFD5EA}.Release|Any CPU.Build.0 = Release|Any CPU
		{1A2A74EE-0288-4F27-B3CF-9F2E0F7ACFEA}.Debug|Any CPU.ActiveCfg = Debug|Any CPU
		{1A2A74EE-0288-4F27-B3CF-9F2E0F7ACFEA}.Debug|Any CPU.Build.0 = Debug|Any CPU
		{1A2A74EE-0288-4F27-B3CF-9F2E0F7ACFEA}.Release|Any CPU.ActiveCfg = Release|Any CPU
		{1A2A74EE-0288-4F27-B3CF-9F2E0F7ACFEA}.Release|Any CPU.Build.0 = Release|Any CPU
		{5C991131-B4C8-464C-9251-B24F7D5261A8}.Debug|Any CPU.ActiveCfg = Debug|Any CPU
		{5C991131-B4C8-464C-9251-B24F7D5261A8}.Debug|Any CPU.Build.0 = Debug|Any CPU
		{5C991131-B4C8-464C-9251-B24F7D5261A8}.Release|Any CPU.ActiveCfg = Release|Any CPU
		{5C991131-B4C8-464C-9251-B24F7D5261A8}.Release|Any CPU.Build.0 = Release|Any CPU
	EndGlobalSection
	GlobalSection(SolutionProperties) = preSolution
		HideSolutionNode = FALSE
	EndGlobalSection
	GlobalSection(NestedProjects) = preSolution
		{5682B80F-3CE2-4F20-9447-7D2FCA5919BC} = {A381682C-D052-49CF-A536-39E1CB734B25}
		{60922DB4-1F6B-4862-A460-8566661F7B67} = {81CFEC01-639F-41D8-83F2-0225696A166D}
		{6DDD3E02-BBA4-4A7B-81D3-B91E696C63E3} = {47723EBA-F86D-47C0-B1EA-29C058623996}
		{291E5F6A-5A2E-4DB3-B158-CBA03A4719EB} = {AA3FCF64-C08D-4C44-87C1-AB1BA268705A}
		{23DFBE3B-F42A-4747-88FC-539E36CBDBE0} = {14E2033E-E6A5-4CAB-B8C0-5C74928E4B6C}
		{F9205053-20BB-458B-8378-34E77DE41DFB} = {8DB9557C-85AB-427C-834E-E06321D57270}
		{72D0CDC5-B5AA-48E7-A137-268C2550248D} = {769B443A-5C95-44F4-BD3E-C59E2AB5ECF3}
		{3403F1EE-A0BA-4386-A706-7C44E88D769E} = {769B443A-5C95-44F4-BD3E-C59E2AB5ECF3}
		{9F4DD10B-1B80-4C17-A5C4-25A0E59E6A1B} = {270CEA8E-A5FB-41C4-955E-198F4D864427}
		{B97DABE4-1C7E-4565-B9E7-CA14D3DFD5EA} = {8BFD476A-FB59-4D72-BC34-2F9857B3BB1A}
		{1A2A74EE-0288-4F27-B3CF-9F2E0F7ACFEA} = {AB9CA267-161B-47FE-83CA-B4CAA55AB537}
		{5C991131-B4C8-464C-9251-B24F7D5261A8} = {ECA31D7D-AE68-4EF3-AC9C-2F6BF250588E}
	EndGlobalSection
	GlobalSection(ExtensibilityGlobals) = postSolution
		SolutionGuid = {0F2291AC-BC44-41CF-9067-7B2C46CC51AE}
	EndGlobalSection
EndGlobal
