
Microsoft Visual Studio Solution File, Format Version 12.00
# Visual Studio Version 17
VisualStudioVersion = 17.5.33516.290
MinimumVisualStudioVersion = 10.0.40219.1
Project("{FAE04EC0-301F-11D3-BF4B-00C04F79EFBC}") = "GDI", "GDI\GDI.csproj", "{C7268DC3-6C56-4E4C-B131-E430BDB8E1E4}"
EndProject
Project("{FAE04EC0-301F-11D3-BF4B-00C04F79EFBC}") = "验证码", "验证码\验证码.csproj", "{EAC84EC1-0F31-48FF-B27A-27A7868155A0}"
EndProject
Project("{FAE04EC0-301F-11D3-BF4B-00C04F79EFBC}") = "客户端", "..\聊天室应用\客户端\客户端.csproj", "{C173C890-2E9D-4ABA-8A2D-A588370F2524}"
EndProject
Project("{FAE04EC0-301F-11D3-BF4B-00C04F79EFBC}") = "聊天室应用", "..\聊天室应用\聊天室应用\聊天室应用.csproj", "{072CE43A-E445-4FB8-A019-94742F8F89DF}"
EndProject
Project("{FAE04EC0-301F-11D3-BF4B-00C04F79EFBC}") = "窗体", "窗体\窗体.csproj", "{C027B15A-EA15-4B94-8121-8711EEA3D6C4}"
EndProject
Project("{FAE04EC0-301F-11D3-BF4B-00C04F79EFBC}") = "ConsoleApp1", "ConsoleApp1\ConsoleApp1.csproj", "{D04FEDF7-2A45-4876-AC32-373B2FA78CA5}"
EndProject
Global
	GlobalSection(SolutionConfigurationPlatforms) = preSolution
		Debug|Any CPU = Debug|Any CPU
		Release|Any CPU = Release|Any CPU
	EndGlobalSection
	GlobalSection(ProjectConfigurationPlatforms) = postSolution
		{C7268DC3-6C56-4E4C-B131-E430BDB8E1E4}.Debug|Any CPU.ActiveCfg = Debug|Any CPU
		{C7268DC3-6C56-4E4C-B131-E430BDB8E1E4}.Debug|Any CPU.Build.0 = Debug|Any CPU
		{C7268DC3-6C56-4E4C-B131-E430BDB8E1E4}.Release|Any CPU.ActiveCfg = Release|Any CPU
		{C7268DC3-6C56-4E4C-B131-E430BDB8E1E4}.Release|Any CPU.Build.0 = Release|Any CPU
		{EAC84EC1-0F31-48FF-B27A-27A7868155A0}.Debug|Any CPU.ActiveCfg = Debug|Any CPU
		{EAC84EC1-0F31-48FF-B27A-27A7868155A0}.Debug|Any CPU.Build.0 = Debug|Any CPU
		{EAC84EC1-0F31-48FF-B27A-27A7868155A0}.Release|Any CPU.ActiveCfg = Release|Any CPU
		{EAC84EC1-0F31-48FF-B27A-27A7868155A0}.Release|Any CPU.Build.0 = Release|Any CPU
		{C173C890-2E9D-4ABA-8A2D-A588370F2524}.Debug|Any CPU.ActiveCfg = Debug|Any CPU
		{C173C890-2E9D-4ABA-8A2D-A588370F2524}.Debug|Any CPU.Build.0 = Debug|Any CPU
		{C173C890-2E9D-4ABA-8A2D-A588370F2524}.Release|Any CPU.ActiveCfg = Release|Any CPU
		{C173C890-2E9D-4ABA-8A2D-A588370F2524}.Release|Any CPU.Build.0 = Release|Any CPU
		{072CE43A-E445-4FB8-A019-94742F8F89DF}.Debug|Any CPU.ActiveCfg = Debug|Any CPU
		{072CE43A-E445-4FB8-A019-94742F8F89DF}.Debug|Any CPU.Build.0 = Debug|Any CPU
		{072CE43A-E445-4FB8-A019-94742F8F89DF}.Release|Any CPU.ActiveCfg = Release|Any CPU
		{072CE43A-E445-4FB8-A019-94742F8F89DF}.Release|Any CPU.Build.0 = Release|Any CPU
		{C027B15A-EA15-4B94-8121-8711EEA3D6C4}.Debug|Any CPU.ActiveCfg = Debug|Any CPU
		{C027B15A-EA15-4B94-8121-8711EEA3D6C4}.Debug|Any CPU.Build.0 = Debug|Any CPU
		{C027B15A-EA15-4B94-8121-8711EEA3D6C4}.Release|Any CPU.ActiveCfg = Release|Any CPU
		{C027B15A-EA15-4B94-8121-8711EEA3D6C4}.Release|Any CPU.Build.0 = Release|Any CPU
		{D04FEDF7-2A45-4876-AC32-373B2FA78CA5}.Debug|Any CPU.ActiveCfg = Debug|Any CPU
		{D04FEDF7-2A45-4876-AC32-373B2FA78CA5}.Debug|Any CPU.Build.0 = Debug|Any CPU
		{D04FEDF7-2A45-4876-AC32-373B2FA78CA5}.Release|Any CPU.ActiveCfg = Release|Any CPU
		{D04FEDF7-2A45-4876-AC32-373B2FA78CA5}.Release|Any CPU.Build.0 = Release|Any CPU
	EndGlobalSection
	GlobalSection(SolutionProperties) = preSolution
		HideSolutionNode = FALSE
	EndGlobalSection
	GlobalSection(ExtensibilityGlobals) = postSolution
		SolutionGuid = {1044110C-C98D-4D35-9037-20D182539DA3}
	EndGlobalSection
EndGlobal
